
Microsoft Visual Studio Solution File, Format Version 11.00
# Visual Studio 2010
Project("{FAE04EC0-301F-11D3-BF4B-00C04F79EFBC}") = "702Test1", "702Test1\702Test1.csproj", "{846AE706-7F41-424C-94E6-201CD797A038}"
EndProject
Global
	GlobalSection(SolutionConfigurationPlatforms) = preSolution
		Debug|Any CPU = Debug|Any CPU
		Release|Any CPU = Release|Any CPU
	EndGlobalSection
	GlobalSection(ProjectConfigurationPlatforms) = postSolution
		{846AE706-7F41-424C-94E6-201CD797A038}.Debug|Any CPU.ActiveCfg = Debug|Any CPU
		{846AE706-7F41-424C-94E6-201CD797A038}.Debug|Any CPU.Build.0 = Debug|Any CPU
		{846AE706-7F41-424C-94E6-201CD797A038}.Release|Any CPU.ActiveCfg = Release|Any CPU
		{846AE706-7F41-424C-94E6-201CD797A038}.Release|Any CPU.Build.0 = Release|Any CPU
	EndGlobalSection
	GlobalSection(SolutionProperties) = preSolution
		HideSolutionNode = FALSE
	EndGlobalSection
EndGlobal
